
Microsoft Visual Studio Solution File, Format Version 12.00
# Visual Studio Version 17
VisualStudioVersion = 17.4.33103.184
MinimumVisualStudioVersion = 10.0.40219.1
Project("{8BC9CEB8-8B4A-11D0-8D11-00A0C91BC942}") = "Algorithm", "Algorithm\Algorithm.vcxproj", "{77C4CCD9-980B-4715-9BA9-24B9FBA3E0D7}"
EndProject
Global
	GlobalSection(SolutionConfigurationPlatforms) = preSolution
		Debug|x64 = Debug|x64
		Debug|x86 = Debug|x86
		Release|x64 = Release|x64
		Release|x86 = Release|x86
	EndGlobalSection
	GlobalSection(ProjectConfigurationPlatforms) = postSolution
		{77C4CCD9-980B-4715-9BA9-24B9FBA3E0D7}.Debug|x64.ActiveCfg = Debug|x64
		{77C4CCD9-980B-4715-9BA9-24B9FBA3E0D7}.Debug|x64.Build.0 = Debug|x64
		{77C4CCD9-980B-4715-9BA9-24B9FBA3E0D7}.Debug|x86.ActiveCfg = Debug|Win32
		{77C4CCD9-980B-4715-9BA9-24B9FBA3E0D7}.Debug|x86.Build.0 = Debug|Win32
		{77C4CCD9-980B-4715-9BA9-24B9FBA3E0D7}.Release|x64.ActiveCfg = Release|x64
		{77C4CCD9-980B-4715-9BA9-24B9FBA3E0D7}.Release|x64.Build.0 = Release|x64
		{77C4CCD9-980B-4715-9BA9-24B9FBA3E0D7}.Release|x86.ActiveCfg = Release|Win32
		{77C4CCD9-980B-4715-9BA9-24B9FBA3E0D7}.Release|x86.Build.0 = Release|Win32
	EndGlobalSection
	GlobalSection(SolutionProperties) = preSolution
		HideSolutionNode = FALSE
	EndGlobalSection
	GlobalSection(ExtensibilityGlobals) = postSolution
		SolutionGuid = {83BB217E-870F-4EA5-9791-ACB247628FE7}
	EndGlobalSection
EndGlobal
